github.com/destel/rill v0.8.1 h1:tJTit7kljOy2i2kqP4zHG1dUA452VpMK/myYRy5SY28=
github.com/destel/rill v0.8.1/go.mod h1:srKuXzvGqINUEGYR5b/iwvW+L9/S35RxVHWGYbXNoO4=
github.com/gloo-foo/cmd-grep v0.0.0-20260627211120-e1a7096e0c33 h1:waFkgnzGSrzHICRpFiNaY8P4YrX5vwbKlTrh4DqimoE=
github.com/gloo-foo/cmd-grep v0.0.0-20260627211120-e1a7096e0c33/go.mod h1:e1jhEYJWX+PK5Nz6iz3icdwGa3ABqoM7Ii7OZGBnfdQ=
github.com/gloo-foo/cmd-head v0.0.0-20260627214030-575194bf178e h1:Kofzc9Yhdwd5QQ+2yeGe21Ko6Vjjwtm3a0t6A1wp58Q=
github.com/gloo-foo/cmd-head v0.0.0-20260627214030-575194bf178e/go.mod h1:bXnuN2UebnrW90r6ok8cORV5z7/qWvmS5kB0DLZTNBA=
github.com/gloo-foo/cmd-seq v0.0.0-20260627211122-fd7c8ad0132f h1:w7x9SfkjZwMYMxBJgAXhmgVq0VRbhVscxssmxGRd4+c=
github.com/gloo-foo/cmd-seq v0.0.0-20260627211122-fd7c8ad0132f/go.mod h1:1JCJki4AdvuHZB+iIUmvVDcwjhSvu9c64W4xCBdEpBY=
github.com/gloo-foo/cmd-tail v0.0.0-20260627214030-fe1ebcddf206 h1:qU75FFYWb4k3kxp03BsO1x5za9HyyGntxokaE2duuuQ=
github.com/gloo-foo/cmd-tail v0.0.0-20260627214030-fe1ebcddf206/go.mod h1:+H2D9uXGFEBQn5uHHY5IxxXa+m+y1jA5gNACqFG1gjY=
github.com/gloo-foo/cmd-yes v0.0.0-20260627211123-baa7739f2f3c h1:LisZEotz0dumYrZqZyI/wHf4pop+73NzQU4O/jhyKZM=
github.com/gloo-foo/cmd-yes v0.0.0-20260627211123-baa7739f2f3c/go.mod h1:+hMgH6vCUgnoahBXoFpiUtrEJ7vT2hyYK5r8gwWzBJg=
github.com/gloo-foo/framework v0.0.7 h1:hRJxPqaLbCaBdjLFiH+OJfwAwB3fTv2CZBYamTV9yUs=
github.com/gloo-foo/framework v0.0.7/go.mod h1:DtuZO+tFO9AZQLIETiWPNYovXim8bLqRX6VHe0T8eR0=
github.com/gloo-foo/testable v0.0.0-20260627210227-8da7ed6c4756 h1:xcBKKsZ9sMpj3hmMVoBYd8gj52jiefmDXClNKEh152I=
github.com/gloo-foo/testable v0.0.0-20260627210227-8da7ed6c4756/go.mod h1:bwLQpFs7heO3nuMoCbl3NHeR3GZO9Q0nZ0SgaVWii6Q=
github.com/spf13/afero v1.15.0 h1:b/YBCLWAJdFWJTN9cLhiXXcD7mzKn9Dm86dNnfyQw1I=
github.com/spf13/afero v1.15.0/go.mod h1:NC2ByUVxtQs4b3sIUphxK0NioZnmxgyCrfzeuq8lxMg=
golang.org/x/text v0.38.0 h1:sXmwo9DwP3OK9EZ7PqAdaooSGozfl/3a6/xJcbzPRhE=
golang.org/x/text v0.38.0/go.mod h1:YXZt3QhHUKYT53r2lLKFIVi6Ao1jdzrTR/KQ09qyxF4=
