github.com/destel/rill v0.8.1 h1:tJTit7kljOy2i2kqP4zHG1dUA452VpMK/myYRy5SY28=
github.com/destel/rill v0.8.1/go.mod h1:srKuXzvGqINUEGYR5b/iwvW+L9/S35RxVHWGYbXNoO4=
github.com/gloo-foo/cmd-awk v0.0.0-20260630225538-1717b01ed2ea h1:pMW0LgD6cOHG2sD9MqmPn/ApIwUmOO767lku3vruwHg=
github.com/gloo-foo/cmd-awk v0.0.0-20260630225538-1717b01ed2ea/go.mod h1:fK14CvLZ+vItpH52HCikH8HWFnmmpm/TQBSr+FHakvE=
github.com/gloo-foo/cmd-find v0.0.0-20260630225614-59c4079d2c8c h1:ve3+UYL0QljWz/0SRDf1kSOAho7uLzcob6+Npo7YG5M=
github.com/gloo-foo/cmd-find v0.0.0-20260630225614-59c4079d2c8c/go.mod h1:MqE3+LoPWULegDC5LikCMGGSBZigywZm7KrppuASyWA=
github.com/gloo-foo/cmd-head v0.0.0-20260630225626-33e19984e965 h1:1yxR7RzEd2MZWpLzAci3WoqrV7rZ0cj/C2SXmJiGMfY=
github.com/gloo-foo/cmd-head v0.0.0-20260630225626-33e19984e965/go.mod h1:7cF9DLG8WaVO/tt1lktCVzxCGY78jqxp7Z7BXih8OcA=
github.com/gloo-foo/cmd-sort v0.0.0-20260630225724-a387a802444b h1:KS/YDIVErvN7HtrjzIlXb5nqKF9VfVTu93VZBAiBA+4=
github.com/gloo-foo/cmd-sort v0.0.0-20260630225724-a387a802444b/go.mod h1:ylr6lSlNlmt4w32awRMq/i/xgGCWMzi+Yvjb8GrqP8o=
github.com/gloo-foo/cmd-uniq v0.0.0-20260630225837-18cddd03cacf h1:EaEa0BO8qaod1Z8iLkzTB3O1tRsfUlkvnn/6IzxaSDg=
github.com/gloo-foo/cmd-uniq v0.0.0-20260630225837-18cddd03cacf/go.mod h1:ymmuFK2vxf+MfRHy36YnctXFoxTC1F6LDy28mf9vwEU=
github.com/gloo-foo/cmd-while v0.0.0-20260630225849-51c2adf76c87 h1:d9n30FF7WoBR3raHaMUqMPWBEnMnMTfTJA6Z2paFWLo=
github.com/gloo-foo/cmd-while v0.0.0-20260630225849-51c2adf76c87/go.mod h1:WCWPsBUHHw5jKECevF+tAc9fU9E4VVu21Y/Uhw88RyQ=
github.com/gloo-foo/framework v0.0.7 h1:hRJxPqaLbCaBdjLFiH+OJfwAwB3fTv2CZBYamTV9yUs=
github.com/gloo-foo/framework v0.0.7/go.mod h1:DtuZO+tFO9AZQLIETiWPNYovXim8bLqRX6VHe0T8eR0=
github.com/gloo-foo/testable v0.0.0-20260627210227-8da7ed6c4756 h1:xcBKKsZ9sMpj3hmMVoBYd8gj52jiefmDXClNKEh152I=
github.com/gloo-foo/testable v0.0.0-20260627210227-8da7ed6c4756/go.mod h1:bwLQpFs7heO3nuMoCbl3NHeR3GZO9Q0nZ0SgaVWii6Q=
github.com/spf13/afero v1.15.0 h1:b/YBCLWAJdFWJTN9cLhiXXcD7mzKn9Dm86dNnfyQw1I=
github.com/spf13/afero v1.15.0/go.mod h1:NC2ByUVxtQs4b3sIUphxK0NioZnmxgyCrfzeuq8lxMg=
golang.org/x/text v0.38.0 h1:sXmwo9DwP3OK9EZ7PqAdaooSGozfl/3a6/xJcbzPRhE=
golang.org/x/text v0.38.0/go.mod h1:YXZt3QhHUKYT53r2lLKFIVi6Ao1jdzrTR/KQ09qyxF4=
